
Microsoft Visual Studio Solution File, Format Version 12.00
# Visual Studio Version 17
VisualStudioVersion = 17.7.34221.43
MinimumVisualStudioVersion = 10.0.40219.1
Project("{FAE04EC0-301F-11D3-BF4B-00C04F79EFBC}") = "Adventure-Server-CSharp", "Adventure-Server-CSharp\Adventure-Server-CSharp.csproj", "{6C90E266-976F-4EB9-B0D8-D49B103B4F3E}"
EndProject
Global
	GlobalSection(SolutionConfigurationPlatforms) = preSolution
		Debug|Any CPU = Debug|Any CPU
		Release|Any CPU = Release|Any CPU
	EndGlobalSection
	GlobalSection(ProjectConfigurationPlatforms) = postSolution
		{6C90E266-976F-4EB9-B0D8-D49B103B4F3E}.Debug|Any CPU.ActiveCfg = Debug|Any CPU
		{6C90E266-976F-4EB9-B0D8-D49B103B4F3E}.Debug|Any CPU.Build.0 = Debug|Any CPU
		{6C90E266-976F-4EB9-B0D8-D49B103B4F3E}.Release|Any CPU.ActiveCfg = Release|Any CPU
		{6C90E266-976F-4EB9-B0D8-D49B103B4F3E}.Release|Any CPU.Build.0 = Release|Any CPU
	EndGlobalSection
	GlobalSection(SolutionProperties) = preSolution
		HideSolutionNode = FALSE
	EndGlobalSection
	GlobalSection(ExtensibilityGlobals) = postSolution
		SolutionGuid = {E4DA63D1-660B-4917-AFD0-23078C520B30}
	EndGlobalSection
EndGlobal
